
Microsoft Visual Studio Solution File, Format Version 12.00
# Visual Studio Version 17
VisualStudioVersion = 17.2.32616.157
MinimumVisualStudioVersion = 10.0.40219.1
Project("{FAE04EC0-301F-11D3-BF4B-00C04F79EFBC}") = "ExtentedDelegateAssigmnet", "ExtentedDelegateAssigmnet\ExtentedDelegateAssigmnet.csproj", "{A76BD4EA-32C0-4757-A5CA-41D35028FBDF}"
EndProject
Global
	GlobalSection(SolutionConfigurationPlatforms) = preSolution
		Debug|Any CPU = Debug|Any CPU
		Release|Any CPU = Release|Any CPU
	EndGlobalSection
	GlobalSection(ProjectConfigurationPlatforms) = postSolution
		{A76BD4EA-32C0-4757-A5CA-41D35028FBDF}.Debug|Any CPU.ActiveCfg = Debug|Any CPU
		{A76BD4EA-32C0-4757-A5CA-41D35028FBDF}.Debug|Any CPU.Build.0 = Debug|Any CPU
		{A76BD4EA-32C0-4757-A5CA-41D35028FBDF}.Release|Any CPU.ActiveCfg = Release|Any CPU
		{A76BD4EA-32C0-4757-A5CA-41D35028FBDF}.Release|Any CPU.Build.0 = Release|Any CPU
	EndGlobalSection
	GlobalSection(SolutionProperties) = preSolution
		HideSolutionNode = FALSE
	EndGlobalSection
	GlobalSection(ExtensibilityGlobals) = postSolution
		SolutionGuid = {672850C9-0057-4A1A-8612-1FDBB81244E6}
	EndGlobalSection
EndGlobal
